{
  "name": "angularsample",
  "version": "0.0.0",
  "lockfileVersion": 1,
  "dependencies": {
    "@types/ej.web.all": {
      "version": "15.2.3",
      "resolved": "https://registry.npmjs.org/@types/ej.web.all/-/ej.web.all-15.2.3.tgz",
      "integrity": "sha512-tUqVnNE0bYfCP69KjWbyG7MeontFGlSjt/YGmcZkzWrPw2BeKFim+mdX8Dr1Qm6tFwZ4ULIU+PYimlLNeWU+fg==",
      "dev": true
    },
    "@types/jquery": {
      "version": "3.2.6",
      "resolved": "https://registry.npmjs.org/@types/jquery/-/jquery-3.2.6.tgz",
      "integrity": "sha512-uF/ymNUqAFoiC4NpsuXrBwy4l7yoH/0V/BXpL9yi17HfyDlqei+pL1JxyQr84yCzFAjxoLcUciPMe5DyqwRVJA==",
      "dev": true
    },
    "core-util-is": {
      "version": "1.0.2",
      "resolved": "https://registry.npmjs.org/core-util-is/-/core-util-is-1.0.2.tgz",
      "integrity": "sha1-tf1UIgqivFq1eqtxQMlAdUUDwac="
    },
    "ej-angular2": {
      "version": "15.2.43",
      "resolved": "https://registry.npmjs.org/ej-angular2/-/ej-angular2-15.2.43.tgz",
      "integrity": "sha512-8P7Z/cK6R41Hcw+ki95brIP+1UYV6GcF3GYrsL779MhiyidIoHoiWxPp31ONBGXi11DHRrgRp4JpIg0DMO2lNA=="
    },
    "inherits": {
      "version": "2.0.3",
      "resolved": "https://registry.npmjs.org/inherits/-/inherits-2.0.3.tgz",
      "integrity": "sha1-Yzwsg+PaQqUC9SRmAiSA9CCCYd4="
    },
    "isarray": {
      "version": "1.0.0",
      "resolved": "https://registry.npmjs.org/isarray/-/isarray-1.0.0.tgz",
      "integrity": "sha1-u5NdSFgsuhaMBoNJV6VKPgcSTxE="
    },
    "jquery-validation": {
      "version": "1.16.0",
      "resolved": "https://registry.npmjs.org/jquery-validation/-/jquery-validation-1.16.0.tgz",
      "integrity": "sha1-tuUnfrvWfB+rqyE+tEVO6oowlco=",
      "dependencies": {
        "jquery": {
          "version": "3.2.1",
          "resolved": "https://registry.npmjs.org/jquery/-/jquery-3.2.1.tgz",
          "integrity": "sha1-XE2d5lKvbNCncBVKYxu6ErAVx4c="
        }
      }
    },
    "jsrender": {
      "version": "0.9.86",
      "resolved": "https://registry.npmjs.org/jsrender/-/jsrender-0.9.86.tgz",
      "integrity": "sha1-+sY7IiihuGNAmJgz1MAEIsjgeYs="
    },
    "process-nextick-args": {
      "version": "1.0.7",
      "resolved": "https://registry.npmjs.org/process-nextick-args/-/process-nextick-args-1.0.7.tgz",
      "integrity": "sha1-FQ4gt1ZZCtP5EJPyWk8q2L/zC6M="
    },
    "readable-stream": {
      "version": "2.3.3",
      "resolved": "https://registry.npmjs.org/readable-stream/-/readable-stream-2.3.3.tgz",
      "integrity": "sha512-m+qzzcn7KUxEmd1gMbchF+Y2eIUbieUaxkWtptyHywrX0rE8QEYqPC07Vuy4Wm32/xE16NcdBctb8S0Xe/5IeQ=="
    },
    "safe-buffer": {
      "version": "5.1.1",
      "resolved": "https://registry.npmjs.org/safe-buffer/-/safe-buffer-5.1.1.tgz",
      "integrity": "sha512-kKvNJn6Mm93gAczWVJg7wH+wGYWNrDHdWvpUmHyEsgCtIwwo3bqPtV4tR5tuPaUhTOo/kvhVwd8XwwOllGYkbg=="
    },
    "string_decoder": {
      "version": "1.0.3",
      "resolved": "https://registry.npmjs.org/string_decoder/-/string_decoder-1.0.3.tgz",
      "integrity": "sha512-4AH6Z5fzNNBcH+6XDMfA/BTt87skxqJlO0lAh3Dker5zThcAxG6mKz+iGu308UKoPPQ8Dcqx/4JhujzltRa+hQ=="
    },
    "syncfusion-ej-global": {
      "version": "15.2.46",
      "resolved": "https://registry.npmjs.org/syncfusion-ej-global/-/syncfusion-ej-global-15.2.46.tgz",
      "integrity": "sha1-3PSBo16TFe2hqHIbGCBLn0v0Rdc="
    },
    "syncfusion-javascript": {
      "version": "15.2.46",
      "resolved": "https://registry.npmjs.org/syncfusion-javascript/-/syncfusion-javascript-15.2.46.tgz",
      "integrity": "sha1-EJI6eiyu1fT3ktw/GZNEDLF8OGw=",
      "dependencies": {
        "jquery": {
          "version": "3.2.1",
          "resolved": "https://registry.npmjs.org/jquery/-/jquery-3.2.1.tgz",
          "integrity": "sha1-XE2d5lKvbNCncBVKYxu6ErAVx4c="
        }
      }
    },
    "through2": {
      "version": "2.0.3",
      "resolved": "https://registry.npmjs.org/through2/-/through2-2.0.3.tgz",
      "integrity": "sha1-AARWmzfHx0ujnEPzzteNGtlBQL4="
    },
    "util-deprecate": {
      "version": "1.0.2",
      "resolved": "https://registry.npmjs.org/util-deprecate/-/util-deprecate-1.0.2.tgz",
      "integrity": "sha1-RQ1Nyfpw3nMnYvvS1KKJgUGaDM8="
    },
    "xtend": {
      "version": "4.0.1",
      "resolved": "https://registry.npmjs.org/xtend/-/xtend-4.0.1.tgz",
      "integrity": "sha1-pcbVMr5lbiPbgg77lDofBJmNY68="
    }
  }
}
